
Microsoft Visual Studio Solution File, Format Version 12.00
# Visual Studio Version 16
VisualStudioVersion = 16.0.32126.315
MinimumVisualStudioVersion = 10.0.40219.1
Project("{FAE04EC0-301F-11D3-BF4B-00C04F79EFBC}") = "AtividadeDB", "AtividadeDB.csproj", "{EF64EEAC-4412-4279-8FF6-1D1C395F5B85}"
EndProject
Project("{FAE04EC0-301F-11D3-BF4B-00C04F79EFBC}") = "PesquisaDB", "..\PesquisaDB\PesquisaDB.csproj", "{6EFF42CE-A0F6-4544-B676-26ABFCB0D475}"
EndProject
Global
	GlobalSection(SolutionConfigurationPlatforms) = preSolution
		Debug|Any CPU = Debug|Any CPU
		Release|Any CPU = Release|Any CPU
	EndGlobalSection
	GlobalSection(ProjectConfigurationPlatforms) = postSolution
		{EF64EEAC-4412-4279-8FF6-1D1C395F5B85}.Debug|Any CPU.ActiveCfg = Debug|Any CPU
		{EF64EEAC-4412-4279-8FF6-1D1C395F5B85}.Debug|Any CPU.Build.0 = Debug|Any CPU
		{EF64EEAC-4412-4279-8FF6-1D1C395F5B85}.Release|Any CPU.ActiveCfg = Release|Any CPU
		{EF64EEAC-4412-4279-8FF6-1D1C395F5B85}.Release|Any CPU.Build.0 = Release|Any CPU
		{6EFF42CE-A0F6-4544-B676-26ABFCB0D475}.Debug|Any CPU.ActiveCfg = Debug|Any CPU
		{6EFF42CE-A0F6-4544-B676-26ABFCB0D475}.Debug|Any CPU.Build.0 = Debug|Any CPU
		{6EFF42CE-A0F6-4544-B676-26ABFCB0D475}.Release|Any CPU.ActiveCfg = Release|Any CPU
		{6EFF42CE-A0F6-4544-B676-26ABFCB0D475}.Release|Any CPU.Build.0 = Release|Any CPU
	EndGlobalSection
	GlobalSection(SolutionProperties) = preSolution
		HideSolutionNode = FALSE
	EndGlobalSection
	GlobalSection(ExtensibilityGlobals) = postSolution
		SolutionGuid = {EADD69C2-5748-424F-AE01-534B6A89C1C7}
	EndGlobalSection
EndGlobal
